
Microsoft Visual Studio Solution File, Format Version 12.00
# Visual Studio Version 17
VisualStudioVersion = 17.13.35806.99
MinimumVisualStudioVersion = 10.0.40219.1
Project("{FAE04EC0-301F-11D3-BF4B-00C04F79EFBC}") = "BlinkayOccupation.API", "BlinkayOccupation.API.csproj", "{031782A1-04BA-4DC0-B913-9ECDB12AE610}"
EndProject
Project("{FAE04EC0-301F-11D3-BF4B-00C04F79EFBC}") = "BlinkayOccupation.Application", "..\BlinkayOccupation.Application\BlinkayOccupation.Application.csproj", "{6278994D-941E-4DC4-BF2C-F174F59980F7}"
EndProject
Project("{FAE04EC0-301F-11D3-BF4B-00C04F79EFBC}") = "BlinkayOccupation.Domain", "..\BlinkayOccupation.Domain\BlinkayOccupation.Domain.csproj", "{5105F974-B8A5-48BF-B3CB-E2B9C60C8053}"
EndProject
Project("{FAE04EC0-301F-11D3-BF4B-00C04F79EFBC}") = "BlinkayOccupation.Infrastructure", "..\BlinkayOccupation.Infrastructure\BlinkayOccupation.Infrastructure.csproj", "{53CE8FFB-2227-42F0-B8F0-077D59A78D9D}"
EndProject
Global
	GlobalSection(SolutionConfigurationPlatforms) = preSolution
		Debug|Any CPU = Debug|Any CPU
		Release|Any CPU = Release|Any CPU
	EndGlobalSection
	GlobalSection(ProjectConfigurationPlatforms) = postSolution
		{031782A1-04BA-4DC0-B913-9ECDB12AE610}.Debug|Any CPU.ActiveCfg = Debug|Any CPU
		{031782A1-04BA-4DC0-B913-9ECDB12AE610}.Debug|Any CPU.Build.0 = Debug|Any CPU
		{031782A1-04BA-4DC0-B913-9ECDB12AE610}.Release|Any CPU.ActiveCfg = Release|Any CPU
		{031782A1-04BA-4DC0-B913-9ECDB12AE610}.Release|Any CPU.Build.0 = Release|Any CPU
		{6278994D-941E-4DC4-BF2C-F174F59980F7}.Debug|Any CPU.ActiveCfg = Debug|Any CPU
		{6278994D-941E-4DC4-BF2C-F174F59980F7}.Debug|Any CPU.Build.0 = Debug|Any CPU
		{6278994D-941E-4DC4-BF2C-F174F59980F7}.Release|Any CPU.ActiveCfg = Release|Any CPU
		{6278994D-941E-4DC4-BF2C-F174F59980F7}.Release|Any CPU.Build.0 = Release|Any CPU
		{5105F974-B8A5-48BF-B3CB-E2B9C60C8053}.Debug|Any CPU.ActiveCfg = Debug|Any CPU
		{5105F974-B8A5-48BF-B3CB-E2B9C60C8053}.Debug|Any CPU.Build.0 = Debug|Any CPU
		{5105F974-B8A5-48BF-B3CB-E2B9C60C8053}.Release|Any CPU.ActiveCfg = Release|Any CPU
		{5105F974-B8A5-48BF-B3CB-E2B9C60C8053}.Release|Any CPU.Build.0 = Release|Any CPU
		{53CE8FFB-2227-42F0-B8F0-077D59A78D9D}.Debug|Any CPU.ActiveCfg = Debug|Any CPU
		{53CE8FFB-2227-42F0-B8F0-077D59A78D9D}.Debug|Any CPU.Build.0 = Debug|Any CPU
		{53CE8FFB-2227-42F0-B8F0-077D59A78D9D}.Release|Any CPU.ActiveCfg = Release|Any CPU
		{53CE8FFB-2227-42F0-B8F0-077D59A78D9D}.Release|Any CPU.Build.0 = Release|Any CPU
	EndGlobalSection
	GlobalSection(SolutionProperties) = preSolution
		HideSolutionNode = FALSE
	EndGlobalSection
	GlobalSection(ExtensibilityGlobals) = postSolution
		SolutionGuid = {DE5CE014-E56B-404F-98A6-2F952155AF50}
	EndGlobalSection
EndGlobal
